
Microsoft Visual Studio Solution File, Format Version 12.00
# Visual Studio Version 16
VisualStudioVersion = 16.0.30907.101
MinimumVisualStudioVersion = 10.0.40219.1
Project("{FAE04EC0-301F-11D3-BF4B-00C04F79EFBC}") = "EmployeeWebService", "EmployeeWebService\EmployeeWebService.csproj", "{0E08A176-625D-46E0-BFB5-2A94B5A360B3}"
EndProject
Project("{E53339B2-1760-4266-BCC7-CA923CBCF16C}") = "docker-compose", "docker-compose.dcproj", "{EB0D8E63-70FD-49F6-ACD0-B94074769775}"
EndProject
Global
	GlobalSection(SolutionConfigurationPlatforms) = preSolution
		Debug|Any CPU = Debug|Any CPU
		Release|Any CPU = Release|Any CPU
	EndGlobalSection
	GlobalSection(ProjectConfigurationPlatforms) = postSolution
		{0E08A176-625D-46E0-BFB5-2A94B5A360B3}.Debug|Any CPU.ActiveCfg = Debug|Any CPU
		{0E08A176-625D-46E0-BFB5-2A94B5A360B3}.Debug|Any CPU.Build.0 = Debug|Any CPU
		{0E08A176-625D-46E0-BFB5-2A94B5A360B3}.Release|Any CPU.ActiveCfg = Release|Any CPU
		{0E08A176-625D-46E0-BFB5-2A94B5A360B3}.Release|Any CPU.Build.0 = Release|Any CPU
		{EB0D8E63-70FD-49F6-ACD0-B94074769775}.Debug|Any CPU.ActiveCfg = Debug|Any CPU
		{EB0D8E63-70FD-49F6-ACD0-B94074769775}.Debug|Any CPU.Build.0 = Debug|Any CPU
		{EB0D8E63-70FD-49F6-ACD0-B94074769775}.Release|Any CPU.ActiveCfg = Release|Any CPU
		{EB0D8E63-70FD-49F6-ACD0-B94074769775}.Release|Any CPU.Build.0 = Release|Any CPU
	EndGlobalSection
	GlobalSection(SolutionProperties) = preSolution
		HideSolutionNode = FALSE
	EndGlobalSection
	GlobalSection(ExtensibilityGlobals) = postSolution
		SolutionGuid = {C025F83F-7EA3-4A23-A5C6-CF2DC46A9A4E}
	EndGlobalSection
EndGlobal
